
Microsoft Visual Studio Solution File, Format Version 12.00
# Visual Studio Version 16
VisualStudioVersion = 16.0.30204.135
MinimumVisualStudioVersion = 10.0.40219.1
Project("{FAE04EC0-301F-11D3-BF4B-00C04F79EFBC}") = "Clubotchi", "Clubotchi\Clubotchi.csproj", "{2E6BA590-0D77-4AC9-9E7C-DD6816F60FA0}"
EndProject
Global
	GlobalSection(SolutionConfigurationPlatforms) = preSolution
		Debug|Any CPU = Debug|Any CPU
		Release|Any CPU = Release|Any CPU
	EndGlobalSection
	GlobalSection(ProjectConfigurationPlatforms) = postSolution
		{2E6BA590-0D77-4AC9-9E7C-DD6816F60FA0}.Debug|Any CPU.ActiveCfg = Debug|Any CPU
		{2E6BA590-0D77-4AC9-9E7C-DD6816F60FA0}.Debug|Any CPU.Build.0 = Debug|Any CPU
		{2E6BA590-0D77-4AC9-9E7C-DD6816F60FA0}.Release|Any CPU.ActiveCfg = Release|Any CPU
		{2E6BA590-0D77-4AC9-9E7C-DD6816F60FA0}.Release|Any CPU.Build.0 = Release|Any CPU
	EndGlobalSection
	GlobalSection(SolutionProperties) = preSolution
		HideSolutionNode = FALSE
	EndGlobalSection
	GlobalSection(ExtensibilityGlobals) = postSolution
		SolutionGuid = {68EB0C83-27F5-444F-B0E5-59719DF049A9}
	EndGlobalSection
EndGlobal
